
Microsoft Visual Studio Solution File, Format Version 12.00
# Visual Studio 15
Project("{FAE04EC0-301F-11D3-BF4B-00C04F79EFBC}") = "Assembly-CSharp", "Assembly-CSharp.csproj", "{01A8E5E4-B221-2D42-F9E7-2BC9440E7525}"
EndProject
Project("{FAE04EC0-301F-11D3-BF4B-00C04F79EFBC}") = "Assembly-CSharp-firstpass", "Assembly-CSharp-firstpass.csproj", "{0BAE41FC-5E79-B327-BDDE-5F6C9FA83D3F}"
EndProject
Project("{FAE04EC0-301F-11D3-BF4B-00C04F79EFBC}") = "Assembly-CSharp-Editor-firstpass", "Assembly-CSharp-Editor-firstpass.csproj", "{E4E1DC0B-1CDC-749B-A64A-4B2D4F84151A}"
EndProject
Global
	GlobalSection(SolutionConfigurationPlatforms) = preSolution
		Debug|Any CPU = Debug|Any CPU
		Release|Any CPU = Release|Any CPU
	EndGlobalSection
	GlobalSection(ProjectConfigurationPlatforms) = postSolution
		{01A8E5E4-B221-2D42-F9E7-2BC9440E7525}.Debug|Any CPU.ActiveCfg = Debug|Any CPU
		{01A8E5E4-B221-2D42-F9E7-2BC9440E7525}.Debug|Any CPU.Build.0 = Debug|Any CPU
		{01A8E5E4-B221-2D42-F9E7-2BC9440E7525}.Release|Any CPU.ActiveCfg = Release|Any CPU
		{01A8E5E4-B221-2D42-F9E7-2BC9440E7525}.Release|Any CPU.Build.0 = Release|Any CPU
		{0BAE41FC-5E79-B327-BDDE-5F6C9FA83D3F}.Debug|Any CPU.ActiveCfg = Debug|Any CPU
		{0BAE41FC-5E79-B327-BDDE-5F6C9FA83D3F}.Debug|Any CPU.Build.0 = Debug|Any CPU
		{0BAE41FC-5E79-B327-BDDE-5F6C9FA83D3F}.Release|Any CPU.ActiveCfg = Release|Any CPU
		{0BAE41FC-5E79-B327-BDDE-5F6C9FA83D3F}.Release|Any CPU.Build.0 = Release|Any CPU
		{E4E1DC0B-1CDC-749B-A64A-4B2D4F84151A}.Debug|Any CPU.ActiveCfg = Debug|Any CPU
		{E4E1DC0B-1CDC-749B-A64A-4B2D4F84151A}.Debug|Any CPU.Build.0 = Debug|Any CPU
		{E4E1DC0B-1CDC-749B-A64A-4B2D4F84151A}.Release|Any CPU.ActiveCfg = Release|Any CPU
		{E4E1DC0B-1CDC-749B-A64A-4B2D4F84151A}.Release|Any CPU.Build.0 = Release|Any CPU
	EndGlobalSection
	GlobalSection(SolutionProperties) = preSolution
		HideSolutionNode = FALSE
	EndGlobalSection
EndGlobal
